
Microsoft Visual Studio Solution File, Format Version 12.00
# Visual Studio 15
VisualStudioVersion = 15.0.28307.572
MinimumVisualStudioVersion = 10.0.40219.1
Project("{8BC9CEB8-8B4A-11D0-8D11-00A0C91BC942}") = "Digital_Image", "Digital_Image\Digital_Image.vcxproj", "{917C33E6-FEF3-4177-BE82-8E2A1A560C3E}"
EndProject
Global
	GlobalSection(SolutionConfigurationPlatforms) = preSolution
		Debug|x64 = Debug|x64
		Debug|x86 = Debug|x86
		Release|x64 = Release|x64
		Release|x86 = Release|x86
	EndGlobalSection
	GlobalSection(ProjectConfigurationPlatforms) = postSolution
		{917C33E6-FEF3-4177-BE82-8E2A1A560C3E}.Debug|x64.ActiveCfg = Debug|x64
		{917C33E6-FEF3-4177-BE82-8E2A1A560C3E}.Debug|x64.Build.0 = Debug|x64
		{917C33E6-FEF3-4177-BE82-8E2A1A560C3E}.Debug|x86.ActiveCfg = Debug|Win32
		{917C33E6-FEF3-4177-BE82-8E2A1A560C3E}.Debug|x86.Build.0 = Debug|Win32
		{917C33E6-FEF3-4177-BE82-8E2A1A560C3E}.Release|x64.ActiveCfg = Release|x64
		{917C33E6-FEF3-4177-BE82-8E2A1A560C3E}.Release|x64.Build.0 = Release|x64
		{917C33E6-FEF3-4177-BE82-8E2A1A560C3E}.Release|x86.ActiveCfg = Release|Win32
		{917C33E6-FEF3-4177-BE82-8E2A1A560C3E}.Release|x86.Build.0 = Release|Win32
	EndGlobalSection
	GlobalSection(SolutionProperties) = preSolution
		HideSolutionNode = FALSE
	EndGlobalSection
	GlobalSection(ExtensibilityGlobals) = postSolution
		SolutionGuid = {FB1621B2-A2E5-4EBF-836C-698499D1A0B8}
	EndGlobalSection
EndGlobal
